
Microsoft Visual Studio Solution File, Format Version 12.00
# Visual Studio Version 16
VisualStudioVersion = 16.0.31321.278
MinimumVisualStudioVersion = 10.0.40219.1
Project("{FAE04EC0-301F-11D3-BF4B-00C04F79EFBC}") = "GuessingGame", "GuessingGame\GuessingGame.csproj", "{B637FDA2-7A93-4E9E-9DFA-8BF8DB36AA60}"
EndProject
Global
	GlobalSection(SolutionConfigurationPlatforms) = preSolution
		Debug|Any CPU = Debug|Any CPU
		Release|Any CPU = Release|Any CPU
	EndGlobalSection
	GlobalSection(ProjectConfigurationPlatforms) = postSolution
		{B637FDA2-7A93-4E9E-9DFA-8BF8DB36AA60}.Debug|Any CPU.ActiveCfg = Debug|Any CPU
		{B637FDA2-7A93-4E9E-9DFA-8BF8DB36AA60}.Debug|Any CPU.Build.0 = Debug|Any CPU
		{B637FDA2-7A93-4E9E-9DFA-8BF8DB36AA60}.Release|Any CPU.ActiveCfg = Release|Any CPU
		{B637FDA2-7A93-4E9E-9DFA-8BF8DB36AA60}.Release|Any CPU.Build.0 = Release|Any CPU
	EndGlobalSection
	GlobalSection(SolutionProperties) = preSolution
		HideSolutionNode = FALSE
	EndGlobalSection
	GlobalSection(ExtensibilityGlobals) = postSolution
		SolutionGuid = {65D083AB-6808-4D74-AB44-F216BE7EAFF6}
	EndGlobalSection
EndGlobal
